
Microsoft Visual Studio Solution File, Format Version 12.00
# Visual Studio Version 17
VisualStudioVersion = 17.4.33205.214
MinimumVisualStudioVersion = 10.0.40219.1
Project("{FAE04EC0-301F-11D3-BF4B-00C04F79EFBC}") = "ChatClient", "ChatClient\ChatClient.csproj", "{709EC7E6-79EC-485F-B714-40696233C547}"
EndProject
Project("{FAE04EC0-301F-11D3-BF4B-00C04F79EFBC}") = "ChatClient.Api", "ChatClient.Api\ChatClient.Api.csproj", "{ECC031BB-9094-4370-B0AC-0BABF4127733}"
EndProject
Project("{FAE04EC0-301F-11D3-BF4B-00C04F79EFBC}") = "ChatClient.Common", "ChatClient.Common\ChatClient.Common.csproj", "{D5879AA0-4A19-4DC7-86B5-D2B2F5378FBA}"
EndProject
Project("{FAE04EC0-301F-11D3-BF4B-00C04F79EFBC}") = "ChatClient.Services", "ChatClient.Services\ChatClient.Services.csproj", "{637179A1-CCF5-4457-8AE8-30D1D2DECF93}"
EndProject
Global
	GlobalSection(SolutionConfigurationPlatforms) = preSolution
		Debug|Any CPU = Debug|Any CPU
		Release|Any CPU = Release|Any CPU
	EndGlobalSection
	GlobalSection(ProjectConfigurationPlatforms) = postSolution
		{709EC7E6-79EC-485F-B714-40696233C547}.Debug|Any CPU.ActiveCfg = Debug|Any CPU
		{709EC7E6-79EC-485F-B714-40696233C547}.Debug|Any CPU.Build.0 = Debug|Any CPU
		{709EC7E6-79EC-485F-B714-40696233C547}.Release|Any CPU.ActiveCfg = Release|Any CPU
		{709EC7E6-79EC-485F-B714-40696233C547}.Release|Any CPU.Build.0 = Release|Any CPU
		{ECC031BB-9094-4370-B0AC-0BABF4127733}.Debug|Any CPU.ActiveCfg = Debug|Any CPU
		{ECC031BB-9094-4370-B0AC-0BABF4127733}.Debug|Any CPU.Build.0 = Debug|Any CPU
		{ECC031BB-9094-4370-B0AC-0BABF4127733}.Release|Any CPU.ActiveCfg = Release|Any CPU
		{ECC031BB-9094-4370-B0AC-0BABF4127733}.Release|Any CPU.Build.0 = Release|Any CPU
		{D5879AA0-4A19-4DC7-86B5-D2B2F5378FBA}.Debug|Any CPU.ActiveCfg = Debug|Any CPU
		{D5879AA0-4A19-4DC7-86B5-D2B2F5378FBA}.Debug|Any CPU.Build.0 = Debug|Any CPU
		{D5879AA0-4A19-4DC7-86B5-D2B2F5378FBA}.Release|Any CPU.ActiveCfg = Release|Any CPU
		{D5879AA0-4A19-4DC7-86B5-D2B2F5378FBA}.Release|Any CPU.Build.0 = Release|Any CPU
		{637179A1-CCF5-4457-8AE8-30D1D2DECF93}.Debug|Any CPU.ActiveCfg = Debug|Any CPU
		{637179A1-CCF5-4457-8AE8-30D1D2DECF93}.Debug|Any CPU.Build.0 = Debug|Any CPU
		{637179A1-CCF5-4457-8AE8-30D1D2DECF93}.Release|Any CPU.ActiveCfg = Release|Any CPU
		{637179A1-CCF5-4457-8AE8-30D1D2DECF93}.Release|Any CPU.Build.0 = Release|Any CPU
	EndGlobalSection
	GlobalSection(SolutionProperties) = preSolution
		HideSolutionNode = FALSE
	EndGlobalSection
	GlobalSection(ExtensibilityGlobals) = postSolution
		SolutionGuid = {E4F3238D-78CE-4B57-BCF2-9E9C734B62A2}
	EndGlobalSection
EndGlobal
