
Microsoft Visual Studio Solution File, Format Version 12.00
# Visual Studio Version 17
VisualStudioVersion = 17.4.33205.214
MinimumVisualStudioVersion = 10.0.40219.1
Project("{FAE04EC0-301F-11D3-BF4B-00C04F79EFBC}") = "ChatServer", "ChatServer\ChatServer.csproj", "{0D1E9C99-6048-44E3-BAF0-232A114C665D}"
EndProject
Project("{FAE04EC0-301F-11D3-BF4B-00C04F79EFBC}") = "ChatServer.Context", "ChatServer.Context\ChatServer.Context.csproj", "{BBF5473B-AEA9-4184-BC7D-D19CC572B5A3}"
EndProject
Project("{FAE04EC0-301F-11D3-BF4B-00C04F79EFBC}") = "ChatServer.Common", "ChatServer.Common\ChatServer.Common.csproj", "{0A28120C-0917-4246-ABED-63DEEA4928F5}"
EndProject
Project("{FAE04EC0-301F-11D3-BF4B-00C04F79EFBC}") = "ChatServer.Domain", "ChatServer.Domain\ChatServer.Domain.csproj", "{BCC96C8C-47E3-4C4E-8AF6-7F786A908DE0}"
EndProject
Project("{FAE04EC0-301F-11D3-BF4B-00C04F79EFBC}") = "ChatServer.Services", "ChatServer.Services\ChatServer.Services.csproj", "{A7849DC8-16D0-4DA9-AE2C-6206B7DFAEF6}"
EndProject
Global
	GlobalSection(SolutionConfigurationPlatforms) = preSolution
		Debug|Any CPU = Debug|Any CPU
		Release|Any CPU = Release|Any CPU
	EndGlobalSection
	GlobalSection(ProjectConfigurationPlatforms) = postSolution
		{0D1E9C99-6048-44E3-BAF0-232A114C665D}.Debug|Any CPU.ActiveCfg = Debug|Any CPU
		{0D1E9C99-6048-44E3-BAF0-232A114C665D}.Debug|Any CPU.Build.0 = Debug|Any CPU
		{0D1E9C99-6048-44E3-BAF0-232A114C665D}.Release|Any CPU.ActiveCfg = Release|Any CPU
		{0D1E9C99-6048-44E3-BAF0-232A114C665D}.Release|Any CPU.Build.0 = Release|Any CPU
		{BBF5473B-AEA9-4184-BC7D-D19CC572B5A3}.Debug|Any CPU.ActiveCfg = Debug|Any CPU
		{BBF5473B-AEA9-4184-BC7D-D19CC572B5A3}.Debug|Any CPU.Build.0 = Debug|Any CPU
		{BBF5473B-AEA9-4184-BC7D-D19CC572B5A3}.Release|Any CPU.ActiveCfg = Release|Any CPU
		{BBF5473B-AEA9-4184-BC7D-D19CC572B5A3}.Release|Any CPU.Build.0 = Release|Any CPU
		{0A28120C-0917-4246-ABED-63DEEA4928F5}.Debug|Any CPU.ActiveCfg = Debug|Any CPU
		{0A28120C-0917-4246-ABED-63DEEA4928F5}.Debug|Any CPU.Build.0 = Debug|Any CPU
		{0A28120C-0917-4246-ABED-63DEEA4928F5}.Release|Any CPU.ActiveCfg = Release|Any CPU
		{0A28120C-0917-4246-ABED-63DEEA4928F5}.Release|Any CPU.Build.0 = Release|Any CPU
		{BCC96C8C-47E3-4C4E-8AF6-7F786A908DE0}.Debug|Any CPU.ActiveCfg = Debug|Any CPU
		{BCC96C8C-47E3-4C4E-8AF6-7F786A908DE0}.Debug|Any CPU.Build.0 = Debug|Any CPU
		{BCC96C8C-47E3-4C4E-8AF6-7F786A908DE0}.Release|Any CPU.ActiveCfg = Release|Any CPU
		{BCC96C8C-47E3-4C4E-8AF6-7F786A908DE0}.Release|Any CPU.Build.0 = Release|Any CPU
		{A7849DC8-16D0-4DA9-AE2C-6206B7DFAEF6}.Debug|Any CPU.ActiveCfg = Debug|Any CPU
		{A7849DC8-16D0-4DA9-AE2C-6206B7DFAEF6}.Debug|Any CPU.Build.0 = Debug|Any CPU
		{A7849DC8-16D0-4DA9-AE2C-6206B7DFAEF6}.Release|Any CPU.ActiveCfg = Release|Any CPU
		{A7849DC8-16D0-4DA9-AE2C-6206B7DFAEF6}.Release|Any CPU.Build.0 = Release|Any CPU
	EndGlobalSection
	GlobalSection(SolutionProperties) = preSolution
		HideSolutionNode = FALSE
	EndGlobalSection
	GlobalSection(ExtensibilityGlobals) = postSolution
		SolutionGuid = {94CCD66D-57B9-4E57-B8AD-B44ACA5EBDDD}
	EndGlobalSection
EndGlobal
